
Microsoft Visual Studio Solution File, Format Version 12.00
# Visual Studio Version 17
VisualStudioVersion = 17.11.35312.102
MinimumVisualStudioVersion = 10.0.40219.1
Project("{9A19103F-16F7-4668-BE54-9A1E7A4F7556}") = "PlayerStats", "PlayerStats\PlayerStats.csproj", "{17FCE6C8-BFD0-4B90-9D59-12B09B48423C}"
EndProject
Project("{FAE04EC0-301F-11D3-BF4B-00C04F79EFBC}") = "PlayerStatsTester", "PlayerStatsTester\PlayerStatsTester.csproj", "{9A695032-C283-4DD7-9943-427D11DA701B}"
EndProject
Global
	GlobalSection(SolutionConfigurationPlatforms) = preSolution
		Debug|Any CPU = Debug|Any CPU
		Release|Any CPU = Release|Any CPU
	EndGlobalSection
	GlobalSection(ProjectConfigurationPlatforms) = postSolution
		{17FCE6C8-BFD0-4B90-9D59-12B09B48423C}.Debug|Any CPU.ActiveCfg = Debug|Any CPU
		{17FCE6C8-BFD0-4B90-9D59-12B09B48423C}.Debug|Any CPU.Build.0 = Debug|Any CPU
		{17FCE6C8-BFD0-4B90-9D59-12B09B48423C}.Release|Any CPU.ActiveCfg = Release|Any CPU
		{17FCE6C8-BFD0-4B90-9D59-12B09B48423C}.Release|Any CPU.Build.0 = Release|Any CPU
		{9A695032-C283-4DD7-9943-427D11DA701B}.Debug|Any CPU.ActiveCfg = Debug|Any CPU
		{9A695032-C283-4DD7-9943-427D11DA701B}.Debug|Any CPU.Build.0 = Debug|Any CPU
		{9A695032-C283-4DD7-9943-427D11DA701B}.Release|Any CPU.ActiveCfg = Release|Any CPU
		{9A695032-C283-4DD7-9943-427D11DA701B}.Release|Any CPU.Build.0 = Release|Any CPU
	EndGlobalSection
	GlobalSection(SolutionProperties) = preSolution
		HideSolutionNode = FALSE
	EndGlobalSection
	GlobalSection(ExtensibilityGlobals) = postSolution
		SolutionGuid = {E2E48561-EAEB-4FA3-8C9B-C8466AE75F4D}
	EndGlobalSection
EndGlobal
